// !$*UTF8*$!
{
	archiveVersion = 1;
	classes = {
	};
	objectVersion = 46;
	objects = {

/* Begin PBXBuildFile section */
		9B0D7CE81961BDEA0093EDD5 /* Foundation.framework in Frameworks */ = {isa = PBXBuildFile; fileRef = 9B0D7CE71961BDEA0093EDD5 /* Foundation.framework */; };
		9B0D7CEA1961BDEA0093EDD5 /* CoreGraphics.framework in Frameworks */ = {isa = PBXBuildFile; fileRef = 9B0D7CE91961BDEA0093EDD5 /* CoreGraphics.framework */; };
		9B0D7CEC1961BDEA0093EDD5 /* UIKit.framework in Frameworks */ = {isa = PBXBuildFile; fileRef = 9B0D7CEB1961BDEA0093EDD5 /* UIKit.framework */; };
		9B0D7CF21961BDEA0093EDD5 /* InfoPlist.strings in Resources */ = {isa = PBXBuildFile; fileRef = 9B0D7CF01961BDEA0093EDD5 /* InfoPlist.strings */; };
		9B0D7CF41961BDEA0093EDD5 /* main.m in Sources */ = {isa = PBXBuildFile; fileRef = 9B0D7CF31961BDEA0093EDD5 /* main.m */; };
		9B0D7CF81961BDEA0093EDD5 /* VenonAppDelegate.m in Sources */ = {isa = PBXBuildFile; fileRef = 9B0D7CF71961BDEA0093EDD5 /* VenonAppDelegate.m */; };
		9B0D7CFB1961BDEA0093EDD5 /* Main_iPhone.storyboard in Resources */ = {isa = PBXBuildFile; fileRef = 9B0D7CF91961BDEA0093EDD5 /* Main_iPhone.storyboard */; };
		9B0D7D011961BDEA0093EDD5 /* VenonViewController.m in Sources */ = {isa = PBXBuildFile; fileRef = 9B0D7D001961BDEA0093EDD5 /* VenonViewController.m */; };
		9B0D7D031961BDEA0093EDD5 /* Images.xcassets in Resources */ = {isa = PBXBuildFile; fileRef = 9B0D7D021961BDEA0093EDD5 /* Images.xcassets */; };
		9B0D7D0A1961BDEA0093EDD5 /* XCTest.framework in Frameworks */ = {isa = PBXBuildFile; fileRef = 9B0D7D091961BDEA0093EDD5 /* XCTest.framework */; };
		9B0D7D0B1961BDEA0093EDD5 /* Foundation.framework in Frameworks */ = {isa = PBXBuildFile; fileRef = 9B0D7CE71961BDEA0093EDD5 /* Foundation.framework */; };
		9B0D7D0C1961BDEA0093EDD5 /* UIKit.framework in Frameworks */ = {isa = PBXBuildFile; fileRef = 9B0D7CEB1961BDEA0093EDD5 /* UIKit.framework */; };
		9B0D7D141961BDEA0093EDD5 /* InfoPlist.strings in Resources */ = {isa = PBXBuildFile; fileRef = 9B0D7D121961BDEA0093EDD5 /* InfoPlist.strings */; };
		9B0D7D161961BDEA0093EDD5 /* venonTests.m in Sources */ = {isa = PBXBuildFile; fileRef = 9B0D7D151961BDEA0093EDD5 /* venonTests.m */; };
		9BF8A1F71961D43100407001 /* VenonTableViewController.m in Sources */ = {isa = PBXBuildFile; fileRef = 9BF8A1F61961D43100407001 /* VenonTableViewController.m */; };
		9BF8A1FA1961DE1600407001 /* VenonFriendObject.m in Sources */ = {isa = PBXBuildFile; fileRef = 9BF8A1F91961DE1600407001 /* VenonFriendObject.m */; };
		9BF8A1FD196302AC00407001 /* VenonMakePayment.m in Sources */ = {isa = PBXBuildFile; fileRef = 9BF8A1FC196302AC00407001 /* VenonMakePayment.m */; };
		9BF8A207196451A200407001 /* makePaymentViewController.m in Sources */ = {isa = PBXBuildFile; fileRef = 9BF8A206196451A200407001 /* makePaymentViewController.m */; };
		CC47CEEA15614313A1E770AB /* libPods.a in Frameworks */ = {isa = PBXBuildFile; fileRef = 7BDEF329220F4F5DBE3F2440 /* libPods.a */; };
/* End PBXBuildFile section */

/* Begin PBXContainerItemProxy section */
		9B0D7D0D1961BDEA0093EDD5 /* PBXContainerItemProxy */ = {
			isa = PBXContainerItemProxy;
			containerPortal = 9B0D7CDC1961BDEA0093EDD5 /* Project object */;
			proxyType = 1;
			remoteGlobalIDString = 9B0D7CE31961BDEA0093EDD5;
			remoteInfo = venon;
		};
/* End PBXContainerItemProxy section */

/* Begin PBXFileReference section */
		7BDEF329220F4F5DBE3F2440 /* libPods.a */ = {isa = PBXFileReference; explicitFileType = archive.ar; includeInIndex = 0; path = libPods.a; sourceTree = BUILT_PRODUCTS_DIR; };
		9B0D7CE41961BDEA0093EDD5 /* venon.app */ = {isa = PBXFileReference; explicitFileType = wrapper.application; includeInIndex = 0; path = venon.app; sourceTree = BUILT_PRODUCTS_DIR; };
		9B0D7CE71961BDEA0093EDD5 /* Foundation.framework */ = {isa = PBXFileReference; lastKnownFileType = wrapper.framework; name = Foundation.framework; path = System/Library/Frameworks/Foundation.framework; sourceTree = SDKROOT; };
		9B0D7CE91961BDEA0093EDD5 /* CoreGraphics.framework */ = {isa = PBXFileReference; lastKnownFileType = wrapper.framework; name = CoreGraphics.framework; path = System/Library/Frameworks/CoreGraphics.framework; sourceTree = SDKROOT; };
		9B0D7CEB1961BDEA0093EDD5 /* UIKit.framework */ = {isa = PBXFileReference; lastKnownFileType = wrapper.framework; name = UIKit.framework; path = System/Library/Frameworks/UIKit.framework; sourceTree = SDKROOT; };
		9B0D7CEF1961BDEA0093EDD5 /* venon-Info.plist */ = {isa = PBXFileReference; lastKnownFileType = text.plist.xml; path = "venon-Info.plist"; sourceTree = "<group>"; };
		9B0D7CF11961BDEA0093EDD5 /* en */ = {isa = PBXFileReference; lastKnownFileType = text.plist.strings; name = en; path = en.lproj/InfoPlist.strings; sourceTree = "<group>"; };
		9B0D7CF31961BDEA0093EDD5 /* main.m */ = {isa = PBXFileReference; lastKnownFileType = sourcecode.c.objc; path = main.m; sourceTree = "<group>"; };
		9B0D7CF51961BDEA0093EDD5 /* venon-Prefix.pch */ = {isa = PBXFileReference; lastKnownFileType = sourcecode.c.h; path = "venon-Prefix.pch"; sourceTree = "<group>"; };
		9B0D7CF61961BDEA0093EDD5 /* VenonAppDelegate.h */ = {isa = PBXFileReference; lastKnownFileType = sourcecode.c.h; path = VenonAppDelegate.h; sourceTree = "<group>"; };
		9B0D7CF71961BDEA0093EDD5 /* VenonAppDelegate.m */ = {isa = PBXFileReference; lastKnownFileType = sourcecode.c.objc; path = VenonAppDelegate.m; sourceTree = "<group>"; };
		9B0D7CFA1961BDEA0093EDD5 /* Base */ = {isa = PBXFileReference; lastKnownFileType = file.storyboard; name = Base; path = Base.lproj/Main_iPhone.storyboard; sourceTree = "<group>"; };
		9B0D7CFF1961BDEA0093EDD5 /* VenonViewController.h */ = {isa = PBXFileReference; lastKnownFileType = sourcecode.c.h; path = VenonViewController.h; sourceTree = "<group>"; };
		9B0D7D001961BDEA0093EDD5 /* VenonViewController.m */ = {isa = PBXFileReference; lastKnownFileType = sourcecode.c.objc; path = VenonViewController.m; sourceTree = "<group>"; };
		9B0D7D021961BDEA0093EDD5 /* Images.xcassets */ = {isa = PBXFileReference; lastKnownFileType = folder.assetcatalog; path = Images.xcassets; sourceTree = "<group>"; };
		9B0D7D081961BDEA0093EDD5 /* venonTests.xctest */ = {isa = PBXFileReference; explicitFileType = wrapper.cfbundle; includeInIndex = 0; path = venonTests.xctest; sourceTree = BUILT_PRODUCTS_DIR; };
		9B0D7D091961BDEA0093EDD5 /* XCTest.framework */ = {isa = PBXFileReference; lastKnownFileType = wrapper.framework; name = XCTest.framework; path = Library/Frameworks/XCTest.framework; sourceTree = DEVELOPER_DIR; };
		9B0D7D111961BDEA0093EDD5 /* venonTests-Info.plist */ = {isa = PBXFileReference; lastKnownFileType = text.plist.xml; path = "venonTests-Info.plist"; sourceTree = "<group>"; };
		9B0D7D131961BDEA0093EDD5 /* en */ = {isa = PBXFileReference; lastKnownFileType = text.plist.strings; name = en; path = en.lproj/InfoPlist.strings; sourceTree = "<group>"; };
		9B0D7D151961BDEA0093EDD5 /* venonTests.m */ = {isa = PBXFileReference; lastKnownFileType = sourcecode.c.objc; path = venonTests.m; sourceTree = "<group>"; };
		9BF8A1F51961D43100407001 /* VenonTableViewController.h */ = {isa = PBXFileReference; fileEncoding = 4; lastKnownFileType = sourcecode.c.h; path = VenonTableViewController.h; sourceTree = "<group>"; };
		9BF8A1F61961D43100407001 /* VenonTableViewController.m */ = {isa = PBXFileReference; fileEncoding = 4; lastKnownFileType = sourcecode.c.objc; path = VenonTableViewController.m; sourceTree = "<group>"; };
		9BF8A1F81961DE1600407001 /* VenonFriendObject.h */ = {isa = PBXFileReference; fileEncoding = 4; lastKnownFileType = sourcecode.c.h; path = VenonFriendObject.h; sourceTree = "<group>"; };
		9BF8A1F91961DE1600407001 /* VenonFriendObject.m */ = {isa = PBXFileReference; fileEncoding = 4; lastKnownFileType = sourcecode.c.objc; path = VenonFriendObject.m; sourceTree = "<group>"; };
		9BF8A1FB196302AC00407001 /* VenonMakePayment.h */ = {isa = PBXFileReference; fileEncoding = 4; lastKnownFileType = sourcecode.c.h; path = VenonMakePayment.h; sourceTree = "<group>"; };
		9BF8A1FC196302AC00407001 /* VenonMakePayment.m */ = {isa = PBXFileReference; fileEncoding = 4; lastKnownFileType = sourcecode.c.objc; path = VenonMakePayment.m; sourceTree = "<group>"; };
		9BF8A205196451A200407001 /* makePaymentViewController.h */ = {isa = PBXFileReference; fileEncoding = 4; lastKnownFileType = sourcecode.c.h; name = makePaymentViewController.h; path = ../Pods/makePaymentViewController.h; sourceTree = "<group>"; };
		9BF8A206196451A200407001 /* makePaymentViewController.m */ = {isa = PBXFileReference; fileEncoding = 4; lastKnownFileType = sourcecode.c.objc; name = makePaymentViewController.m; path = ../Pods/makePaymentViewController.m; sourceTree = "<group>"; };
		ED39E0C315954A20AAC4B70D /* Pods.xcconfig */ = {isa = PBXFileReference; includeInIndex = 1; lastKnownFileType = text.xcconfig; name = Pods.xcconfig; path = Pods/Pods.xcconfig; sourceTree = "<group>"; };
/* End PBXFileReference section */

/* Begin PBXFrameworksBuildPhase section */
		9B0D7CE11961BDEA0093EDD5 /* Frameworks */ = {
			isa = PBXFrameworksBuildPhase;
			buildActionMask = 2147483647;
			files = (
				9B0D7CEA1961BDEA0093EDD5 /* CoreGraphics.framework in Frameworks */,
				9B0D7CEC1961BDEA0093EDD5 /* UIKit.framework in Frameworks */,
				9B0D7CE81961BDEA0093EDD5 /* Foundation.framework in Frameworks */,
				CC47CEEA15614313A1E770AB /* libPods.a in Frameworks */,
			);
			runOnlyForDeploymentPostprocessing = 0;
		};
		9B0D7D051961BDEA0093EDD5 /* Frameworks */ = {
			isa = PBXFrameworksBuildPhase;
			buildActionMask = 2147483647;
			files = (
				9B0D7D0A1961BDEA0093EDD5 /* XCTest.framework in Frameworks */,
				9B0D7D0C1961BDEA0093EDD5 /* UIKit.framework in Frameworks */,
				9B0D7D0B1961BDEA0093EDD5 /* Foundation.framework in Frameworks */,
			);
			runOnlyForDeploymentPostprocessing = 0;
		};
/* End PBXFrameworksBuildPhase section */

/* Begin PBXGroup section */
		9B0D7CDB1961BDEA0093EDD5 = {
			isa = PBXGroup;
			children = (
				9B0D7CED1961BDEA0093EDD5 /* venon */,
				9B0D7D0F1961BDEA0093EDD5 /* venonTests */,
				9B0D7CE61961BDEA0093EDD5 /* Frameworks */,
				9B0D7CE51961BDEA0093EDD5 /* Products */,
				ED39E0C315954A20AAC4B70D /* Pods.xcconfig */,
			);
			sourceTree = "<group>";
		};
		9B0D7CE51961BDEA0093EDD5 /* Products */ = {
			isa = PBXGroup;
			children = (
				9B0D7CE41961BDEA0093EDD5 /* venon.app */,
				9B0D7D081961BDEA0093EDD5 /* venonTests.xctest */,
			);
			name = Products;
			sourceTree = "<group>";
		};
		9B0D7CE61961BDEA0093EDD5 /* Frameworks */ = {
			isa = PBXGroup;
			children = (
				9B0D7CE71961BDEA0093EDD5 /* Foundation.framework */,
				9B0D7CE91961BDEA0093EDD5 /* CoreGraphics.framework */,
				9B0D7CEB1961BDEA0093EDD5 /* UIKit.framework */,
				9B0D7D091961BDEA0093EDD5 /* XCTest.framework */,
				7BDEF329220F4F5DBE3F2440 /* libPods.a */,
			);
			name = Frameworks;
			sourceTree = "<group>";
		};
		9B0D7CED1961BDEA0093EDD5 /* venon */ = {
			isa = PBXGroup;
			children = (
				9B0D7CF61961BDEA0093EDD5 /* VenonAppDelegate.h */,
				9BF8A1F81961DE1600407001 /* VenonFriendObject.h */,
				9BF8A1F91961DE1600407001 /* VenonFriendObject.m */,
				9BF8A1F51961D43100407001 /* VenonTableViewController.h */,
				9BF8A1F61961D43100407001 /* VenonTableViewController.m */,
				9BF8A205196451A200407001 /* makePaymentViewController.h */,
				9BF8A206196451A200407001 /* makePaymentViewController.m */,
				9BF8A1FB196302AC00407001 /* VenonMakePayment.h */,
				9BF8A1FC196302AC00407001 /* VenonMakePayment.m */,
				9B0D7CF71961BDEA0093EDD5 /* VenonAppDelegate.m */,
				9B0D7CF91961BDEA0093EDD5 /* Main_iPhone.storyboard */,
				9B0D7CFF1961BDEA0093EDD5 /* VenonViewController.h */,
				9B0D7D001961BDEA0093EDD5 /* VenonViewController.m */,
				9B0D7D021961BDEA0093EDD5 /* Images.xcassets */,
				9B0D7CEE1961BDEA0093EDD5 /* Supporting Files */,
			);
			path = venon;
			sourceTree = "<group>";
		};
		9B0D7CEE1961BDEA0093EDD5 /* Supporting Files */ = {
			isa = PBXGroup;
			children = (
				9B0D7CEF1961BDEA0093EDD5 /* venon-Info.plist */,
				9B0D7CF01961BDEA0093EDD5 /* InfoPlist.strings */,
				9B0D7CF31961BDEA0093EDD5 /* main.m */,
				9B0D7CF51961BDEA0093EDD5 /* venon-Prefix.pch */,
			);
			name = "Supporting Files";
			sourceTree = "<group>";
		};
		9B0D7D0F1961BDEA0093EDD5 /* venonTests */ = {
			isa = PBXGroup;
			children = (
				9B0D7D151961BDEA0093EDD5 /* venonTests.m */,
				9B0D7D101961BDEA0093EDD5 /* Supporting Files */,
			);
			path = venonTests;
			sourceTree = "<group>";
		};
		9B0D7D101961BDEA0093EDD5 /* Supporting Files */ = {
			isa = PBXGroup;
			children = (
				9B0D7D111961BDEA0093EDD5 /* venonTests-Info.plist */,
				9B0D7D121961BDEA0093EDD5 /* InfoPlist.strings */,
			);
			name = "Supporting Files";
			sourceTree = "<group>";
		};
/* End PBXGroup section */

/* Begin PBXNativeTarget section */
		9B0D7CE31961BDEA0093EDD5 /* venon */ = {
			isa = PBXNativeTarget;
			buildConfigurationList = 9B0D7D191961BDEA0093EDD5 /* Build configuration list for PBXNativeTarget "venon" */;
			buildPhases = (
				05BF92AFA6EA4D19B4EFC769 /* Check Pods Manifest.lock */,
				9B0D7CE01961BDEA0093EDD5 /* Sources */,
				9B0D7CE11961BDEA0093EDD5 /* Frameworks */,
				9B0D7CE21961BDEA0093EDD5 /* Resources */,
				A38EDD9D31614B7AABCF1C0A /* Copy Pods Resources */,
			);
			buildRules = (
			);
			dependencies = (
			);
			name = venon;
			productName = venon;
			productReference = 9B0D7CE41961BDEA0093EDD5 /* venon.app */;
			productType = "com.apple.product-type.application";
		};
		9B0D7D071961BDEA0093EDD5 /* venonTests */ = {
			isa = PBXNativeTarget;
			buildConfigurationList = 9B0D7D1C1961BDEA0093EDD5 /* Build configuration list for PBXNativeTarget "venonTests" */;
			buildPhases = (
				9B0D7D041961BDEA0093EDD5 /* Sources */,
				9B0D7D051961BDEA0093EDD5 /* Frameworks */,
				9B0D7D061961BDEA0093EDD5 /* Resources */,
			);
			buildRules = (
			);
			dependencies = (
				9B0D7D0E1961BDEA0093EDD5 /* PBXTargetDependency */,
			);
			name = venonTests;
			productName = venonTests;
			productReference = 9B0D7D081961BDEA0093EDD5 /* venonTests.xctest */;
			productType = "com.apple.product-type.bundle.unit-test";
		};
/* End PBXNativeTarget section */

/* Begin PBXProject section */
		9B0D7CDC1961BDEA0093EDD5 /* Project object */ = {
			isa = PBXProject;
			attributes = {
				CLASSPREFIX = Venon;
				LastUpgradeCheck = 0510;
				ORGANIZATIONNAME = LeahSteinberg;
				TargetAttributes = {
					9B0D7D071961BDEA0093EDD5 = {
						TestTargetID = 9B0D7CE31961BDEA0093EDD5;
					};
				};
			};
			buildConfigurationList = 9B0D7CDF1961BDEA0093EDD5 /* Build configuration list for PBXProject "venon" */;
			compatibilityVersion = "Xcode 3.2";
			developmentRegion = English;
			hasScannedForEncodings = 0;
			knownRegions = (
				en,
				Base,
			);
			mainGroup = 9B0D7CDB1961BDEA0093EDD5;
			productRefGroup = 9B0D7CE51961BDEA0093EDD5 /* Products */;
			projectDirPath = "";
			projectRoot = "";
			targets = (
				9B0D7CE31961BDEA0093EDD5 /* venon */,
				9B0D7D071961BDEA0093EDD5 /* venonTests */,
			);
		};
/* End PBXProject section */

/* Begin PBXResourcesBuildPhase section */
		9B0D7CE21961BDEA0093EDD5 /* Resources */ = {
			isa = PBXResourcesBuildPhase;
			buildActionMask = 2147483647;
			files = (
				9B0D7D031961BDEA0093EDD5 /* Images.xcassets in Resources */,
				9B0D7CFB1961BDEA0093EDD5 /* Main_iPhone.storyboard in Resources */,
				9B0D7CF21961BDEA0093EDD5 /* InfoPlist.strings in Resources */,
			);
			runOnlyForDeploymentPostprocessing = 0;
		};
		9B0D7D061961BDEA0093EDD5 /* Resources */ = {
			isa = PBXResourcesBuildPhase;
			buildActionMask = 2147483647;
			files = (
				9B0D7D141961BDEA0093EDD5 /* InfoPlist.strings in Resources */,
			);
			runOnlyForDeploymentPostprocessing = 0;
		};
/* End PBXResourcesBuildPhase section */

/* Begin PBXShellScriptBuildPhase section */
		05BF92AFA6EA4D19B4EFC769 /* Check Pods Manifest.lock */ = {
			isa = PBXShellScriptBuildPhase;
			buildActionMask = 2147483647;
			files = (
			);
			inputPaths = (
			);
			name = "Check Pods Manifest.lock";
			outputPaths = (
			);
			runOnlyForDeploymentPostprocessing = 0;
			shellPath = /bin/sh;
			shellScript = "diff \"${PODS_ROOT}/../Podfile.lock\" \"${PODS_ROOT}/Manifest.lock\" > /dev/null\nif [[ $? != 0 ]] ; then\n    cat << EOM\nerror: The sandbox is not in sync with the Podfile.lock. Run 'pod install' or update your CocoaPods installation.\nEOM\n    exit 1\nfi\n";
			showEnvVarsInLog = 0;
		};
		A38EDD9D31614B7AABCF1C0A /* Copy Pods Resources */ = {
			isa = PBXShellScriptBuildPhase;
			buildActionMask = 2147483647;
			files = (
			);
			inputPaths = (
			);
			name = "Copy Pods Resources";
			outputPaths = (
			);
			runOnlyForDeploymentPostprocessing = 0;
			shellPath = /bin/sh;
			shellScript = "\"${SRCROOT}/Pods/Pods-resources.sh\"\n";
			showEnvVarsInLog = 0;
		};
/* End PBXShellScriptBuildPhase section */

/* Begin PBXSourcesBuildPhase section */
		9B0D7CE01961BDEA0093EDD5 /* Sources */ = {
			isa = PBXSourcesBuildPhase;
			buildActionMask = 2147483647;
			files = (
				9B0D7CF41961BDEA0093EDD5 /* main.m in Sources */,
				9BF8A1FA1961DE1600407001 /* VenonFriendObject.m in Sources */,
				9B0D7D011961BDEA0093EDD5 /* VenonViewController.m in Sources */,
				9BF8A207196451A200407001 /* makePaymentViewController.m in Sources */,
				9BF8A1FD196302AC00407001 /* VenonMakePayment.m in Sources */,
				9BF8A1F71961D43100407001 /* VenonTableViewController.m in Sources */,
				9B0D7CF81961BDEA0093EDD5 /* VenonAppDelegate.m in Sources */,
			);
			runOnlyForDeploymentPostprocessing = 0;
		};
		9B0D7D041961BDEA0093EDD5 /* Sources */ = {
			isa = PBXSourcesBuildPhase;
			buildActionMask = 2147483647;
			files = (
				9B0D7D161961BDEA0093EDD5 /* venonTests.m in Sources */,
			);
			runOnlyForDeploymentPostprocessing = 0;
		};
/* End PBXSourcesBuildPhase section */

/* Begin PBXTargetDependency section */
		9B0D7D0E1961BDEA0093EDD5 /* PBXTargetDependency */ = {
			isa = PBXTargetDependency;
			target = 9B0D7CE31961BDEA0093EDD5 /* venon */;
			targetProxy = 9B0D7D0D1961BDEA0093EDD5 /* PBXContainerItemProxy */;
		};
/* End PBXTargetDependency section */

/* Begin PBXVariantGroup section */
		9B0D7CF01961BDEA0093EDD5 /* InfoPlist.strings */ = {
			isa = PBXVariantGroup;
			children = (
				9B0D7CF11961BDEA0093EDD5 /* en */,
			);
			name = InfoPlist.strings;
			sourceTree = "<group>";
		};
		9B0D7CF91961BDEA0093EDD5 /* Main_iPhone.storyboard */ = {
			isa = PBXVariantGroup;
			children = (
				9B0D7CFA1961BDEA0093EDD5 /* Base */,
			);
			name = Main_iPhone.storyboard;
			sourceTree = "<group>";
		};
		9B0D7D121961BDEA0093EDD5 /* InfoPlist.strings */ = {
			isa = PBXVariantGroup;
			children = (
				9B0D7D131961BDEA0093EDD5 /* en */,
			);
			name = InfoPlist.strings;
			sourceTree = "<group>";
		};
/* End PBXVariantGroup section */

/* Begin XCBuildConfiguration section */
		9B0D7D171961BDEA0093EDD5 /* Debug */ = {
			isa = XCBuildConfiguration;
			buildSettings = {
				ALWAYS_SEARCH_USER_PATHS = NO;
				CLANG_CXX_LANGUAGE_STANDARD = "gnu++0x";
				CLANG_CXX_LIBRARY = "libc++";
				CLANG_ENABLE_MODULES = YES;
				CLANG_ENABLE_OBJC_ARC = YES;
				CLANG_WARN_BOOL_CONVERSION = YES;
				CLANG_WARN_CONSTANT_CONVERSION = YES;
				CLANG_WARN_DIRECT_OBJC_ISA_USAGE = YES_ERROR;
				CLANG_WARN_EMPTY_BODY = YES;
				CLANG_WARN_ENUM_CONVERSION = YES;
				CLANG_WARN_INT_CONVERSION = YES;
				CLANG_WARN_OBJC_ROOT_CLASS = YES_ERROR;
				CLANG_WARN__DUPLICATE_METHOD_MATCH = YES;
				"CODE_SIGN_IDENTITY[sdk=iphoneos*]" = "iPhone Developer";
				COPY_PHASE_STRIP = NO;
				GCC_C_LANGUAGE_STANDARD = gnu99;
				GCC_DYNAMIC_NO_PIC = NO;
				GCC_OPTIMIZATION_LEVEL = 0;
				GCC_PREPROCESSOR_DEFINITIONS = (
					"DEBUG=1",
					"$(inherited)",
				);
				GCC_SYMBOLS_PRIVATE_EXTERN = NO;
				GCC_WARN_64_TO_32_BIT_CONVERSION = YES;
				GCC_WARN_ABOUT_RETURN_TYPE = YES_ERROR;
				GCC_WARN_UNDECLARED_SELECTOR = YES;
				GCC_WARN_UNINITIALIZED_AUTOS = YES_AGGRESSIVE;
				GCC_WARN_UNUSED_FUNCTION = YES;
				GCC_WARN_UNUSED_VARIABLE = YES;
				IPHONEOS_DEPLOYMENT_TARGET = 7.1;
				ONLY_ACTIVE_ARCH = YES;
				SDKROOT = iphoneos;
				TARGETED_DEVICE_FAMILY = "1,2";
			};
			name = Debug;
		};
		9B0D7D181961BDEA0093EDD5 /* Release */ = {
			isa = XCBuildConfiguration;
			buildSettings = {
				ALWAYS_SEARCH_USER_PATHS = NO;
				CLANG_CXX_LANGUAGE_STANDARD = "gnu++0x";
				CLANG_CXX_LIBRARY = "libc++";
				CLANG_ENABLE_MODULES = YES;
				CLANG_ENABLE_OBJC_ARC = YES;
				CLANG_WARN_BOOL_CONVERSION = YES;
				CLANG_WARN_CONSTANT_CONVERSION = YES;
				CLANG_WARN_DIRECT_OBJC_ISA_USAGE = YES_ERROR;
				CLANG_WARN_EMPTY_BODY = YES;
				CLANG_WARN_ENUM_CONVERSION = YES;
				CLANG_WARN_INT_CONVERSION = YES;
				CLANG_WARN_OBJC_ROOT_CLASS = YES_ERROR;
				CLANG_WARN__DUPLICATE_METHOD_MATCH = YES;
				"CODE_SIGN_IDENTITY[sdk=iphoneos*]" = "iPhone Developer";
				COPY_PHASE_STRIP = YES;
				ENABLE_NS_ASSERTIONS = NO;
				GCC_C_LANGUAGE_STANDARD = gnu99;
				GCC_WARN_64_TO_32_BIT_CONVERSION = YES;
				GCC_WARN_ABOUT_RETURN_TYPE = YES_ERROR;
				GCC_WARN_UNDECLARED_SELECTOR = YES;
				GCC_WARN_UNINITIALIZED_AUTOS = YES_AGGRESSIVE;
				GCC_WARN_UNUSED_FUNCTION = YES;
				GCC_WARN_UNUSED_VARIABLE = YES;
				IPHONEOS_DEPLOYMENT_TARGET = 7.1;
				SDKROOT = iphoneos;
				TARGETED_DEVICE_FAMILY = "1,2";
				VALIDATE_PRODUCT = YES;
			};
			name = Release;
		};
		9B0D7D1A1961BDEA0093EDD5 /* Debug */ = {
			isa = XCBuildConfiguration;
			baseConfigurationReference = ED39E0C315954A20AAC4B70D /* Pods.xcconfig */;
			buildSettings = {
				ASSETCATALOG_COMPILER_APPICON_NAME = AppIcon;
				ASSETCATALOG_COMPILER_LAUNCHIMAGE_NAME = LaunchImage;
				GCC_PRECOMPILE_PREFIX_HEADER = YES;
				GCC_PREFIX_HEADER = "venon/venon-Prefix.pch";
				INFOPLIST_FILE = "venon/venon-Info.plist";
				PRODUCT_NAME = "$(TARGET_NAME)";
				TARGETED_DEVICE_FAMILY = 1;
				WRAPPER_EXTENSION = app;
			};
			name = Debug;
		};
		9B0D7D1B1961BDEA0093EDD5 /* Release */ = {
			isa = XCBuildConfiguration;
			baseConfigurationReference = ED39E0C315954A20AAC4B70D /* Pods.xcconfig */;
			buildSettings = {
				ASSETCATALOG_COMPILER_APPICON_NAME = AppIcon;
				ASSETCATALOG_COMPILER_LAUNCHIMAGE_NAME = LaunchImage;
				GCC_PRECOMPILE_PREFIX_HEADER = YES;
				GCC_PREFIX_HEADER = "venon/venon-Prefix.pch";
				INFOPLIST_FILE = "venon/venon-Info.plist";
				PRODUCT_NAME = "$(TARGET_NAME)";
				TARGETED_DEVICE_FAMILY = 1;
				WRAPPER_EXTENSION = app;
			};
			name = Release;
		};
		9B0D7D1D1961BDEA0093EDD5 /* Debug */ = {
			isa = XCBuildConfiguration;
			buildSettings = {
				BUNDLE_LOADER = "$(BUILT_PRODUCTS_DIR)/venon.app/venon";
				FRAMEWORK_SEARCH_PATHS = (
					"$(SDKROOT)/Developer/Library/Frameworks",
					"$(inherited)",
					"$(DEVELOPER_FRAMEWORKS_DIR)",
				);
				GCC_PRECOMPILE_PREFIX_HEADER = YES;
				GCC_PREFIX_HEADER = "venon/venon-Prefix.pch";
				GCC_PREPROCESSOR_DEFINITIONS = (
					"DEBUG=1",
					"$(inherited)",
				);
				INFOPLIST_FILE = "venonTests/venonTests-Info.plist";
				PRODUCT_NAME = "$(TARGET_NAME)";
				TEST_HOST = "$(BUNDLE_LOADER)";
				WRAPPER_EXTENSION = xctest;
			};
			name = Debug;
		};
		9B0D7D1E1961BDEA0093EDD5 /* Release */ = {
			isa = XCBuildConfiguration;
			buildSettings = {
				BUNDLE_LOADER = "$(BUILT_PRODUCTS_DIR)/venon.app/venon";
				FRAMEWORK_SEARCH_PATHS = (
					"$(SDKROOT)/Developer/Library/Frameworks",
					"$(inherited)",
					"$(DEVELOPER_FRAMEWORKS_DIR)",
				);
				GCC_PRECOMPILE_PREFIX_HEADER = YES;
				GCC_PREFIX_HEADER = "venon/venon-Prefix.pch";
				INFOPLIST_FILE = "venonTests/venonTests-Info.plist";
				PRODUCT_NAME = "$(TARGET_NAME)";
				TEST_HOST = "$(BUNDLE_LOADER)";
				WRAPPER_EXTENSION = xctest;
			};
			name = Release;
		};
/* End XCBuildConfiguration section */

/* Begin XCConfigurationList section */
		9B0D7CDF1961BDEA0093EDD5 /* Build configuration list for PBXProject "venon" */ = {
			isa = XCConfigurationList;
			buildConfigurations = (
				9B0D7D171961BDEA0093EDD5 /* Debug */,
				9B0D7D181961BDEA0093EDD5 /* Release */,
			);
			defaultConfigurationIsVisible = 0;
			defaultConfigurationName = Release;
		};
		9B0D7D191961BDEA0093EDD5 /* Build configuration list for PBXNativeTarget "venon" */ = {
			isa = XCConfigurationList;
			buildConfigurations = (
				9B0D7D1A1961BDEA0093EDD5 /* Debug */,
				9B0D7D1B1961BDEA0093EDD5 /* Release */,
			);
			defaultConfigurationIsVisible = 0;
			defaultConfigurationName = Release;
		};
		9B0D7D1C1961BDEA0093EDD5 /* Build configuration list for PBXNativeTarget "venonTests" */ = {
			isa = XCConfigurationList;
			buildConfigurations = (
				9B0D7D1D1961BDEA0093EDD5 /* Debug */,
				9B0D7D1E1961BDEA0093EDD5 /* Release */,
			);
			defaultConfigurationIsVisible = 0;
			defaultConfigurationName = Release;
		};
/* End XCConfigurationList section */
	};
	rootObject = 9B0D7CDC1961BDEA0093EDD5 /* Project object */;
}
